
Microsoft Visual Studio Solution File, Format Version 12.00
# Visual Studio Version 16
VisualStudioVersion = 16.0.29926.136
MinimumVisualStudioVersion = 10.0.40219.1
Project("{9A19103F-16F7-4668-BE54-9A1E7A4F7556}") = "Portfolio.Web", "Portfolio.Web\Portfolio.Web.csproj", "{DFE2E2CC-55D3-4F47-ADD9-5E4B38A06248}"
EndProject
Project("{9A19103F-16F7-4668-BE54-9A1E7A4F7556}") = "Portfolio.Shared", "Portfolio.Shared\Portfolio.Shared.csproj", "{843B0E06-BC8E-431A-A6D3-585ECE659FF5}"
EndProject
Project("{9A19103F-16F7-4668-BE54-9A1E7A4F7556}") = "Portfolio.API", "Portfolio.API\Portfolio.API.csproj", "{7DE0643D-F2FC-4B9B-9CDF-39473CE3EA0E}"
EndProject
Project("{9A19103F-16F7-4668-BE54-9A1E7A4F7556}") = "Portfolio.Components", "Portfolio.Components\Portfolio.Components.csproj", "{97FC1632-13F8-4E5A-9191-2C0784866D2A}"
EndProject
Global
	GlobalSection(SolutionConfigurationPlatforms) = preSolution
		Debug|Any CPU = Debug|Any CPU
		Release|Any CPU = Release|Any CPU
	EndGlobalSection
	GlobalSection(ProjectConfigurationPlatforms) = postSolution
		{DFE2E2CC-55D3-4F47-ADD9-5E4B38A06248}.Debug|Any CPU.ActiveCfg = Debug|Any CPU
		{DFE2E2CC-55D3-4F47-ADD9-5E4B38A06248}.Debug|Any CPU.Build.0 = Debug|Any CPU
		{DFE2E2CC-55D3-4F47-ADD9-5E4B38A06248}.Release|Any CPU.ActiveCfg = Release|Any CPU
		{DFE2E2CC-55D3-4F47-ADD9-5E4B38A06248}.Release|Any CPU.Build.0 = Release|Any CPU
		{843B0E06-BC8E-431A-A6D3-585ECE659FF5}.Debug|Any CPU.ActiveCfg = Debug|Any CPU
		{843B0E06-BC8E-431A-A6D3-585ECE659FF5}.Debug|Any CPU.Build.0 = Debug|Any CPU
		{843B0E06-BC8E-431A-A6D3-585ECE659FF5}.Release|Any CPU.ActiveCfg = Release|Any CPU
		{843B0E06-BC8E-431A-A6D3-585ECE659FF5}.Release|Any CPU.Build.0 = Release|Any CPU
		{7DE0643D-F2FC-4B9B-9CDF-39473CE3EA0E}.Debug|Any CPU.ActiveCfg = Debug|Any CPU
		{7DE0643D-F2FC-4B9B-9CDF-39473CE3EA0E}.Debug|Any CPU.Build.0 = Debug|Any CPU
		{7DE0643D-F2FC-4B9B-9CDF-39473CE3EA0E}.Release|Any CPU.ActiveCfg = Release|Any CPU
		{7DE0643D-F2FC-4B9B-9CDF-39473CE3EA0E}.Release|Any CPU.Build.0 = Release|Any CPU
		{97FC1632-13F8-4E5A-9191-2C0784866D2A}.Debug|Any CPU.ActiveCfg = Debug|Any CPU
		{97FC1632-13F8-4E5A-9191-2C0784866D2A}.Debug|Any CPU.Build.0 = Debug|Any CPU
		{97FC1632-13F8-4E5A-9191-2C0784866D2A}.Release|Any CPU.ActiveCfg = Release|Any CPU
		{97FC1632-13F8-4E5A-9191-2C0784866D2A}.Release|Any CPU.Build.0 = Release|Any CPU
	EndGlobalSection
	GlobalSection(SolutionProperties) = preSolution
		HideSolutionNode = FALSE
	EndGlobalSection
	GlobalSection(ExtensibilityGlobals) = postSolution
		SolutionGuid = {B0C46FCC-B3A4-4B45-920E-C987265012A1}
	EndGlobalSection
EndGlobal
